
Microsoft Visual Studio Solution File, Format Version 12.00
# Visual Studio Version 16
VisualStudioVersion = 16.0.32510.428
MinimumVisualStudioVersion = 10.0.40219.1
Project("{FAE04EC0-301F-11D3-BF4B-00C04F79EFBC}") = "MathGame", "MathGame\MathGame.csproj", "{779F19AB-CB09-490D-BF59-DCF67EB41842}"
EndProject
Global
	GlobalSection(SolutionConfigurationPlatforms) = preSolution
		Debug|Any CPU = Debug|Any CPU
		Release|Any CPU = Release|Any CPU
	EndGlobalSection
	GlobalSection(ProjectConfigurationPlatforms) = postSolution
		{779F19AB-CB09-490D-BF59-DCF67EB41842}.Debug|Any CPU.ActiveCfg = Debug|Any CPU
		{779F19AB-CB09-490D-BF59-DCF67EB41842}.Debug|Any CPU.Build.0 = Debug|Any CPU
		{779F19AB-CB09-490D-BF59-DCF67EB41842}.Release|Any CPU.ActiveCfg = Release|Any CPU
		{779F19AB-CB09-490D-BF59-DCF67EB41842}.Release|Any CPU.Build.0 = Release|Any CPU
	EndGlobalSection
	GlobalSection(SolutionProperties) = preSolution
		HideSolutionNode = FALSE
	EndGlobalSection
	GlobalSection(ExtensibilityGlobals) = postSolution
		SolutionGuid = {3AE3F3F2-6B57-47EA-B68C-840C6EB1ACAE}
	EndGlobalSection
EndGlobal
